{
  "name": "self-writing-agent",
  "lockfileVersion": 3,
  "requires": true,
  "packages": {
    "": {
      "devDependencies": {
        "@linear/cli": "^0.0.5"
      }
    },
    "node_modules/@linear/cli": {
      "version": "0.0.5",
      "resolved": "https://registry.npmjs.org/@linear/cli/-/cli-0.0.5.tgz",
      "integrity": "sha512-T4chC44Hk0hl+8DAHjnkhB0k/MIgTmrWnZ/ByZe4sv52O7LuBJNUs4E29fqed4uEzN4ymHmXoyFFZ19VJ1pT2w==",
      "dev": true,
      "license": "MIT",
      "bin": {
        "lin": "dist/cli.js"
      },
      "engines": {
        "node": ">=10"
      }
    }
  }
}
